
Microsoft Visual Studio Solution File, Format Version 12.00
# Visual Studio Version 17
VisualStudioVersion = 17.9.34728.123
MinimumVisualStudioVersion = 10.0.40219.1
Project("{9A19103F-16F7-4668-BE54-9A1E7A4F7556}") = "ConsoleApp1", "ConsoleApp1\ConsoleApp1.csproj", "{79AC5864-F0AB-4E19-BF8A-A80143D11F53}"
EndProject
Global
	GlobalSection(SolutionConfigurationPlatforms) = preSolution
		Debug|Any CPU = Debug|Any CPU
		Release|Any CPU = Release|Any CPU
	EndGlobalSection
	GlobalSection(ProjectConfigurationPlatforms) = postSolution
		{79AC5864-F0AB-4E19-BF8A-A80143D11F53}.Debug|Any CPU.ActiveCfg = Debug|Any CPU
		{79AC5864-F0AB-4E19-BF8A-A80143D11F53}.Debug|Any CPU.Build.0 = Debug|Any CPU
		{79AC5864-F0AB-4E19-BF8A-A80143D11F53}.Release|Any CPU.ActiveCfg = Release|Any CPU
		{79AC5864-F0AB-4E19-BF8A-A80143D11F53}.Release|Any CPU.Build.0 = Release|Any CPU
	EndGlobalSection
	GlobalSection(SolutionProperties) = preSolution
		HideSolutionNode = FALSE
	EndGlobalSection
	GlobalSection(ExtensibilityGlobals) = postSolution
		SolutionGuid = {A15FFD20-A0BB-4A40-AB14-DD89A36A6469}
	EndGlobalSection
EndGlobal
